
Microsoft Visual Studio Solution File, Format Version 12.00
# Visual Studio Version 17
VisualStudioVersion = 17.4.33110.190
MinimumVisualStudioVersion = 10.0.40219.1
Project("{FAE04EC0-301F-11D3-BF4B-00C04F79EFBC}") = "ProNatur-Biomarkt GmbH", "ProNatur-Biomarkt GmbH\ProNatur-Biomarkt GmbH.csproj", "{97EBCAB4-6945-45D6-9F72-D380C07D2AAD}"
EndProject
Global
	GlobalSection(SolutionConfigurationPlatforms) = preSolution
		Debug|Any CPU = Debug|Any CPU
		Release|Any CPU = Release|Any CPU
	EndGlobalSection
	GlobalSection(ProjectConfigurationPlatforms) = postSolution
		{97EBCAB4-6945-45D6-9F72-D380C07D2AAD}.Debug|Any CPU.ActiveCfg = Debug|Any CPU
		{97EBCAB4-6945-45D6-9F72-D380C07D2AAD}.Debug|Any CPU.Build.0 = Debug|Any CPU
		{97EBCAB4-6945-45D6-9F72-D380C07D2AAD}.Release|Any CPU.ActiveCfg = Release|Any CPU
		{97EBCAB4-6945-45D6-9F72-D380C07D2AAD}.Release|Any CPU.Build.0 = Release|Any CPU
	EndGlobalSection
	GlobalSection(SolutionProperties) = preSolution
		HideSolutionNode = FALSE
	EndGlobalSection
	GlobalSection(ExtensibilityGlobals) = postSolution
		SolutionGuid = {2EB0E76C-E203-40A5-87E6-AE4C8DB5F9BD}
	EndGlobalSection
EndGlobal
